<?xml version="1.0" encoding="utf-8"?>
<Project ToolsVersion="4.0" xmlns="http://schemas.microsoft.com/developer/msbuild/2003">
  <ItemGroup>
    <Filter Include="Application">
      <UniqueIdentifier>{D9DE78AF-4594-F1A4-CE88-EB7B3A3DE8A8}</UniqueIdentifier>
    </Filter>
    <Filter Include="Application\ADS1256">
      <UniqueIdentifier>{0EA12ADF-7A02-08ED-0370-4E9F6FD03EAC}</UniqueIdentifier>
    </Filter>
    <Filter Include="Application\ADS8688">
      <UniqueIdentifier>{1E892EDF-8AEA-0BED-1358-529F7FB842AC}</UniqueIdentifier>
    </Filter>
    <Filter Include="Application\APP">
      <UniqueIdentifier>{4988296C-B513-9730-BE24-1A252A2FF330}</UniqueIdentifier>
    </Filter>
    <Filter Include="Application\AT24Cxx">
      <UniqueIdentifier>{D6F82902-425A-0710-CBC7-4DC237283ECF}</UniqueIdentifier>
    </Filter>
    <Filter Include="Application\CRC">
      <UniqueIdentifier>{0091296C-6C1C-9730-752D-1A25E137F330}</UniqueIdentifier>
    </Filter>
    <Filter Include="Application\DHT11">
      <UniqueIdentifier>{8ABCDE1C-F6D2-DCB2-3F4A-68D4AB9FAD3A}</UniqueIdentifier>
    </Filter>
    <Filter Include="Application\DS1302">
      <UniqueIdentifier>{A5326AB9-9116-2B0F-FA76-2562E6791591}</UniqueIdentifier>
    </Filter>
    <Filter Include="Application\DS18B20">
      <UniqueIdentifier>{EC91B3E6-58F3-90F4-E160-D7A64DC1C7B3}</UniqueIdentifier>
    </Filter>
    <Filter Include="Application\Delay">
      <UniqueIdentifier>{1710EF1C-8326-EDB2-CC9D-78D438F3BD3A}</UniqueIdentifier>
    </Filter>
    <Filter Include="Application\GPIO">
      <UniqueIdentifier>{17DB5DF1-03D4-7C43-2C06-62C8185E5C4F}</UniqueIdentifier>
    </Filter>
    <Filter Include="Application\I2C">
      <UniqueIdentifier>{66A6296C-D231-9730-DB42-1A25474DF330}</UniqueIdentifier>
    </Filter>
    <Filter Include="Application\IAP">
      <UniqueIdentifier>{62A8296C-CE33-9730-D744-1A25434FF330}</UniqueIdentifier>
    </Filter>
    <Filter Include="Application\IWDG">
      <UniqueIdentifier>{F3105FF1-DF09-7E43-083C-63C8F4935D4F}</UniqueIdentifier>
    </Filter>
    <Filter Include="Application\LED">
      <UniqueIdentifier>{9DB5296C-0941-9730-1252-1A257E5CF330}</UniqueIdentifier>
    </Filter>
    <Filter Include="Application\MyMalloc">
      <UniqueIdentifier>{66B5E9BC-5244-7386-FB62-8781E7D0832C}</UniqueIdentifier>
    </Filter>
    <Filter Include="Application\OneWire">
      <UniqueIdentifier>{811F2E78-ED80-0B86-76EE-5138E24E4245}</UniqueIdentifier>
    </Filter>
    <Filter Include="Application\PCF8563">
      <UniqueIdentifier>{B7AC975E-230E-756C-AC7B-BB1E18DCAB2B}</UniqueIdentifier>
    </Filter>
    <Filter Include="Application\RTC">
      <UniqueIdentifier>{11D1296C-7D5C-9730-866D-1A25F277F330}</UniqueIdentifier>
    </Filter>
    <Filter Include="Application\Random">
      <UniqueIdentifier>{690E32DB-55F2-F230-BE52-ED83AA55DDB2}</UniqueIdentifier>
    </Filter>
    <Filter Include="Application\SHT2x">
      <UniqueIdentifier>{812CEE1D-ED42-ECB3-36BA-77D5A20FBD3B}</UniqueIdentifier>
    </Filter>
    <Filter Include="Application\SPI">
      <UniqueIdentifier>{D4D4296C-4060-9730-4971-1A25B57BF330}</UniqueIdentifier>
    </Filter>
    <Filter Include="Application\SysTick">
      <UniqueIdentifier>{7281BBC6-DEE2-98D4-6750-DF86D3B0CF93}</UniqueIdentifier>
    </Filter>
    <Filter Include="Application\USART">
      <UniqueIdentifier>{D718181E-432F-16B4-8CA6-A1D5F8FBE63B}</UniqueIdentifier>
    </Filter>
    <Filter Include="Application\W25Qxx">
      <UniqueIdentifier>{A7C869E3-93AC-2A39-FC0C-258CE80F15BB}</UniqueIdentifier>
    </Filter>
    <Filter Include="Application\WWDG">
      <UniqueIdentifier>{41BE66F1-2DB7-8543-56E9-6AC84241654F}</UniqueIdentifier>
    </Filter>
    <Filter Include="Complier">
      <UniqueIdentifier>{A062D8B7-8C2F-33C3-B548-216BA1746851}</UniqueIdentifier>
    </Filter>
    <Filter Include="Doc">
      <UniqueIdentifier>{DBE2870B-47EC-877C-D067-9E7C3C70937C}</UniqueIdentifier>
    </Filter>
    <Filter Include="Drivers">
      <UniqueIdentifier>{C456D287-3036-5123-394E-DCF9A5ACB784}</UniqueIdentifier>
    </Filter>
    <Filter Include="Drivers\CMSIS">
      <UniqueIdentifier>{12DDDB0F-7E9D-5746-47D8-A0C3B3579C22}</UniqueIdentifier>
    </Filter>
    <Filter Include="Drivers\STM32F4xx_HAL_Driver">
      <UniqueIdentifier>{B53EBC8A-A1F9-AB36-4AB1-2481364BF6C6}</UniqueIdentifier>
    </Filter>
    <Filter Include="STARTUP">
      <UniqueIdentifier>{384599C1-A424-185D-AD3C-A333199B7EBE}</UniqueIdentifier>
    </Filter>
    <Filter Include="STARTUP\EWARM">
      <UniqueIdentifier>{E3332A8C-4FF4-A5C2-182F-EF3F84AEEA9E}</UniqueIdentifier>
    </Filter>
    <Filter Include="STM32F4xx">
      <UniqueIdentifier>{C87EFADD-34E9-AE54-7D27-60FAE9D08CA9}</UniqueIdentifier>
    </Filter>
  </ItemGroup>
  <ItemGroup>
    <ClInclude Include="..\Application\ADS1256\ads1256_cfg.h">
      <Filter>Application\ADS1256</Filter>
    </ClInclude>
    <ClInclude Include="..\Application\ADS1256\ads1256_lib.h">
      <Filter>Application\ADS1256</Filter>
    </ClInclude>
    <ClInclude Include="..\Application\ADS1256\ads1256_task.h">
      <Filter>Application\ADS1256</Filter>
    </ClInclude>
    <ClInclude Include="..\Application\ADS8688\ads8688_cfg.h">
      <Filter>Application\ADS8688</Filter>
    </ClInclude>
    <ClInclude Include="..\Application\ADS8688\ads8688_lib.h">
      <Filter>Application\ADS8688</Filter>
    </ClInclude>
    <ClInclude Include="..\Application\ADS8688\ads8688_task.h">
      <Filter>Application\ADS8688</Filter>
    </ClInclude>
    <ClInclude Include="..\Application\APP\config.h">
      <Filter>Application\APP</Filter>
    </ClInclude>
    <ClInclude Include="..\Application\APP\main.h">
      <Filter>Application\APP</Filter>
    </ClInclude>
    <ClInclude Include="..\Application\AT24Cxx\at24cxx_cfg.h">
      <Filter>Application\AT24Cxx</Filter>
    </ClInclude>
    <ClInclude Include="..\Application\AT24Cxx\at24cxx_lib.h">
      <Filter>Application\AT24Cxx</Filter>
    </ClInclude>
    <ClInclude Include="..\Application\AT24Cxx\at24cxx_task.h">
      <Filter>Application\AT24Cxx</Filter>
    </ClInclude>
    <ClInclude Include="..\Application\CRC\crc_cfg.h">
      <Filter>Application\CRC</Filter>
    </ClInclude>
    <ClInclude Include="..\Application\CRC\crc_lib.h">
      <Filter>Application\CRC</Filter>
    </ClInclude>
    <ClInclude Include="..\Application\CRC\crc_task.h">
      <Filter>Application\CRC</Filter>
    </ClInclude>
    <ClInclude Include="..\Application\DHT11\dht11_cfg.h">
      <Filter>Application\DHT11</Filter>
    </ClInclude>
    <ClInclude Include="..\Application\DHT11\dht11_lib.h">
      <Filter>Application\DHT11</Filter>
    </ClInclude>
    <ClInclude Include="..\Application\DHT11\dht11_task.h">
      <Filter>Application\DHT11</Filter>
    </ClInclude>
    <ClInclude Include="..\Application\DS1302\ds1302_cfg.h">
      <Filter>Application\DS1302</Filter>
    </ClInclude>
    <ClInclude Include="..\Application\DS1302\ds1302_lib.h">
      <Filter>Application\DS1302</Filter>
    </ClInclude>
    <ClInclude Include="..\Application\DS1302\ds1302_task.h">
      <Filter>Application\DS1302</Filter>
    </ClInclude>
    <ClInclude Include="..\Application\DS18B20\ds18b20_cfg.h">
      <Filter>Application\DS18B20</Filter>
    </ClInclude>
    <ClInclude Include="..\Application\DS18B20\ds18b20_lib.h">
      <Filter>Application\DS18B20</Filter>
    </ClInclude>
    <ClInclude Include="..\Application\DS18B20\ds18b20_task.h">
      <Filter>Application\DS18B20</Filter>
    </ClInclude>
    <ClInclude Include="..\Application\Delay\delay_cfg.h">
      <Filter>Application\Delay</Filter>
    </ClInclude>
    <ClInclude Include="..\Application\Delay\delay_lib.h">
      <Filter>Application\Delay</Filter>
    </ClInclude>
    <ClInclude Include="..\Application\Delay\delay_task.h">
      <Filter>Application\Delay</Filter>
    </ClInclude>
    <ClInclude Include="..\Application\GPIO\gpio_cfg.h">
      <Filter>Application\GPIO</Filter>
    </ClInclude>
    <ClInclude Include="..\Application\GPIO\gpio_lib.h">
      <Filter>Application\GPIO</Filter>
    </ClInclude>
    <ClInclude Include="..\Application\GPIO\gpio_task.h">
      <Filter>Application\GPIO</Filter>
    </ClInclude>
    <ClInclude Include="..\Application\I2C\i2c_cfg.h">
      <Filter>Application\I2C</Filter>
    </ClInclude>
    <ClInclude Include="..\Application\I2C\i2c_lib.h">
      <Filter>Application\I2C</Filter>
    </ClInclude>
    <ClInclude Include="..\Application\I2C\i2c_task.h">
      <Filter>Application\I2C</Filter>
    </ClInclude>
    <ClInclude Include="..\Application\IAP\iap_cfg.h">
      <Filter>Application\IAP</Filter>
    </ClInclude>
    <ClInclude Include="..\Application\IAP\iap_lib.h">
      <Filter>Application\IAP</Filter>
    </ClInclude>
    <ClInclude Include="..\Application\IAP\iap_task.h">
      <Filter>Application\IAP</Filter>
    </ClInclude>
    <ClInclude Include="..\Application\IWDG\iwdg_cfg.h">
      <Filter>Application\IWDG</Filter>
    </ClInclude>
    <ClInclude Include="..\Application\IWDG\iwdg_lib.h">
      <Filter>Application\IWDG</Filter>
    </ClInclude>
    <ClInclude Include="..\Application\IWDG\iwdg_task.h">
      <Filter>Application\IWDG</Filter>
    </ClInclude>
    <ClInclude Include="..\Application\LED\led_cfg.h">
      <Filter>Application\LED</Filter>
    </ClInclude>
    <ClInclude Include="..\Application\LED\led_lib.h">
      <Filter>Application\LED</Filter>
    </ClInclude>
    <ClInclude Include="..\Application\LED\led_task.h">
      <Filter>Application\LED</Filter>
    </ClInclude>
    <ClInclude Include="..\Application\MyMalloc\my_malloc.h">
      <Filter>Application\MyMalloc</Filter>
    </ClInclude>
    <ClInclude Include="..\Application\OneWire\one_wire_cfg.h">
      <Filter>Application\OneWire</Filter>
    </ClInclude>
    <ClInclude Include="..\Application\OneWire\one_wire_lib.h">
      <Filter>Application\OneWire</Filter>
    </ClInclude>
    <ClInclude Include="..\Application\OneWire\one_wire_task.h">
      <Filter>Application\OneWire</Filter>
    </ClInclude>
    <ClInclude Include="..\Application\PCF8563\pcf8563_cfg.h">
      <Filter>Application\PCF8563</Filter>
    </ClInclude>
    <ClInclude Include="..\Application\PCF8563\pcf8563_lib.h">
      <Filter>Application\PCF8563</Filter>
    </ClInclude>
    <ClInclude Include="..\Application\PCF8563\pcf8563_task.h">
      <Filter>Application\PCF8563</Filter>
    </ClInclude>
    <ClInclude Include="..\Application\RTC\rtc_cfg.h">
      <Filter>Application\RTC</Filter>
    </ClInclude>
    <ClInclude Include="..\Application\RTC\rtc_lib.h">
      <Filter>Application\RTC</Filter>
    </ClInclude>
    <ClInclude Include="..\Application\RTC\rtc_task.h">
      <Filter>Application\RTC</Filter>
    </ClInclude>
    <ClInclude Include="..\Application\Random\random_cfg.h">
      <Filter>Application\Random</Filter>
    </ClInclude>
    <ClInclude Include="..\Application\Random\random_lib.h">
      <Filter>Application\Random</Filter>
    </ClInclude>
    <ClInclude Include="..\Application\Random\random_task.h">
      <Filter>Application\Random</Filter>
    </ClInclude>
    <ClInclude Include="..\Application\SHT2x\sht2x_cfg.h">
      <Filter>Application\SHT2x</Filter>
    </ClInclude>
    <ClInclude Include="..\Application\SHT2x\sht2x_lib.h">
      <Filter>Application\SHT2x</Filter>
    </ClInclude>
    <ClInclude Include="..\Application\SHT2x\sht2x_task.h">
      <Filter>Application\SHT2x</Filter>
    </ClInclude>
    <ClInclude Include="..\Application\SPI\spi_cfg.h">
      <Filter>Application\SPI</Filter>
    </ClInclude>
    <ClInclude Include="..\Application\SPI\spi_lib.h">
      <Filter>Application\SPI</Filter>
    </ClInclude>
    <ClInclude Include="..\Application\SPI\spi_task.h">
      <Filter>Application\SPI</Filter>
    </ClInclude>
    <ClInclude Include="..\Application\SysTick\systick_cfg.h">
      <Filter>Application\SysTick</Filter>
    </ClInclude>
    <ClInclude Include="..\Application\SysTick\systick_lib.h">
      <Filter>Application\SysTick</Filter>
    </ClInclude>
    <ClInclude Include="..\Application\SysTick\systick_task.h">
      <Filter>Application\SysTick</Filter>
    </ClInclude>
    <ClInclude Include="..\Application\USART\usart_cfg.h">
      <Filter>Application\USART</Filter>
    </ClInclude>
    <ClInclude Include="..\Application\USART\usart_lib.h">
      <Filter>Application\USART</Filter>
    </ClInclude>
    <ClInclude Include="..\Application\USART\usart_task.h">
      <Filter>Application\USART</Filter>
    </ClInclude>
    <ClInclude Include="..\Application\W25Qxx\w25qxx_cfg.h">
      <Filter>Application\W25Qxx</Filter>
    </ClInclude>
    <ClInclude Include="..\Application\W25Qxx\w25qxx_lib.h">
      <Filter>Application\W25Qxx</Filter>
    </ClInclude>
    <ClInclude Include="..\Application\W25Qxx\w25qxx_task.h">
      <Filter>Application\W25Qxx</Filter>
    </ClInclude>
    <ClInclude Include="..\Application\WWDG\wwdg_cfg.h">
      <Filter>Application\WWDG</Filter>
    </ClInclude>
    <ClInclude Include="..\Application\WWDG\wwdg_lib.h">
      <Filter>Application\WWDG</Filter>
    </ClInclude>
    <ClInclude Include="..\Application\WWDG\wwdg_task.h">
      <Filter>Application\WWDG</Filter>
    </ClInclude>
    <ClInclude Include="..\Complier\complier_cfg.h">
      <Filter>Complier</Filter>
    </ClInclude>
    <ClInclude Include="..\Complier\complier_lib.h">
      <Filter>Complier</Filter>
    </ClInclude>
    <ClInclude Include="..\Drivers\STM32F4xx_HAL_Driver\Inc\stm32f4xx_hal.h">
      <Filter>Drivers\STM32F4xx_HAL_Driver</Filter>
    </ClInclude>
    <ClInclude Include="..\Drivers\STM32F4xx_HAL_Driver\Inc\stm32f4xx_hal_cortex.h">
      <Filter>Drivers\STM32F4xx_HAL_Driver</Filter>
    </ClInclude>
    <ClInclude Include="..\Drivers\STM32F4xx_HAL_Driver\Inc\stm32f4xx_hal_def.h">
      <Filter>Drivers\STM32F4xx_HAL_Driver</Filter>
    </ClInclude>
    <ClInclude Include="..\Drivers\STM32F4xx_HAL_Driver\Inc\stm32f4xx_hal_flash.h">
      <Filter>Drivers\STM32F4xx_HAL_Driver</Filter>
    </ClInclude>
    <ClInclude Include="..\Drivers\STM32F4xx_HAL_Driver\Inc\stm32f4xx_hal_gpio.h">
      <Filter>Drivers\STM32F4xx_HAL_Driver</Filter>
    </ClInclude>
    <ClInclude Include="..\Drivers\STM32F4xx_HAL_Driver\Inc\stm32f4xx_hal_rcc.h">
      <Filter>Drivers\STM32F4xx_HAL_Driver</Filter>
    </ClInclude>
    <ClInclude Include="..\Drivers\STM32F4xx_HAL_Driver\Inc\stm32f4xx_ll_adc.h">
      <Filter>Drivers\STM32F4xx_HAL_Driver</Filter>
    </ClInclude>
    <ClInclude Include="..\Drivers\STM32F4xx_HAL_Driver\Inc\stm32f4xx_ll_bus.h">
      <Filter>Drivers\STM32F4xx_HAL_Driver</Filter>
    </ClInclude>
    <ClInclude Include="..\Drivers\STM32F4xx_HAL_Driver\Inc\stm32f4xx_ll_cortex.h">
      <Filter>Drivers\STM32F4xx_HAL_Driver</Filter>
    </ClInclude>
    <ClInclude Include="..\Drivers\STM32F4xx_HAL_Driver\Inc\stm32f4xx_ll_crc.h">
      <Filter>Drivers\STM32F4xx_HAL_Driver</Filter>
    </ClInclude>
    <ClInclude Include="..\Drivers\STM32F4xx_HAL_Driver\Inc\stm32f4xx_ll_dac.h">
      <Filter>Drivers\STM32F4xx_HAL_Driver</Filter>
    </ClInclude>
    <ClInclude Include="..\Drivers\STM32F4xx_HAL_Driver\Inc\stm32f4xx_ll_dma.h">
      <Filter>Drivers\STM32F4xx_HAL_Driver</Filter>
    </ClInclude>
    <ClInclude Include="..\Drivers\STM32F4xx_HAL_Driver\Inc\stm32f4xx_ll_dma2d.h">
      <Filter>Drivers\STM32F4xx_HAL_Driver</Filter>
    </ClInclude>
    <ClInclude Include="..\Drivers\STM32F4xx_HAL_Driver\Inc\stm32f4xx_ll_gpio.h">
      <Filter>Drivers\STM32F4xx_HAL_Driver</Filter>
    </ClInclude>
    <ClInclude Include="..\Drivers\STM32F4xx_HAL_Driver\Inc\stm32f4xx_ll_i2c.h">
      <Filter>Drivers\STM32F4xx_HAL_Driver</Filter>
    </ClInclude>
    <ClInclude Include="..\Drivers\STM32F4xx_HAL_Driver\Inc\stm32f4xx_ll_iwdg.h">
      <Filter>Drivers\STM32F4xx_HAL_Driver</Filter>
    </ClInclude>
    <ClInclude Include="..\Drivers\STM32F4xx_HAL_Driver\Inc\stm32f4xx_ll_pwr.h">
      <Filter>Drivers\STM32F4xx_HAL_Driver</Filter>
    </ClInclude>
    <ClInclude Include="..\Drivers\STM32F4xx_HAL_Driver\Inc\stm32f4xx_ll_rcc.h">
      <Filter>Drivers\STM32F4xx_HAL_Driver</Filter>
    </ClInclude>
    <ClInclude Include="..\Drivers\STM32F4xx_HAL_Driver\Inc\stm32f4xx_ll_rng.h">
      <Filter>Drivers\STM32F4xx_HAL_Driver</Filter>
    </ClInclude>
    <ClInclude Include="..\Drivers\STM32F4xx_HAL_Driver\Inc\stm32f4xx_ll_rtc.h">
      <Filter>Drivers\STM32F4xx_HAL_Driver</Filter>
    </ClInclude>
    <ClInclude Include="..\Drivers\STM32F4xx_HAL_Driver\Inc\stm32f4xx_ll_spi.h">
      <Filter>Drivers\STM32F4xx_HAL_Driver</Filter>
    </ClInclude>
    <ClInclude Include="..\Drivers\STM32F4xx_HAL_Driver\Inc\stm32f4xx_ll_system.h">
      <Filter>Drivers\STM32F4xx_HAL_Driver</Filter>
    </ClInclude>
    <ClInclude Include="..\Drivers\STM32F4xx_HAL_Driver\Inc\stm32f4xx_ll_tim.h">
      <Filter>Drivers\STM32F4xx_HAL_Driver</Filter>
    </ClInclude>
    <ClInclude Include="..\Drivers\STM32F4xx_HAL_Driver\Inc\stm32f4xx_ll_usart.h">
      <Filter>Drivers\STM32F4xx_HAL_Driver</Filter>
    </ClInclude>
    <ClInclude Include="..\Drivers\STM32F4xx_HAL_Driver\Inc\stm32f4xx_ll_utils.h">
      <Filter>Drivers\STM32F4xx_HAL_Driver</Filter>
    </ClInclude>
    <ClInclude Include="..\STM32F4xx\stm32_assert.h">
      <Filter>STM32F4xx</Filter>
    </ClInclude>
    <ClInclude Include="..\STM32F4xx\stm32_cfg.h">
      <Filter>STM32F4xx</Filter>
    </ClInclude>
    <ClInclude Include="..\STM32F4xx\stm32f407xx.h">
      <Filter>STM32F4xx</Filter>
    </ClInclude>
    <ClInclude Include="..\STM32F4xx\stm32f4xx.h">
      <Filter>STM32F4xx</Filter>
    </ClInclude>
    <ClInclude Include="..\STM32F4xx\stm32f4xx_hal_conf.h">
      <Filter>STM32F4xx</Filter>
    </ClInclude>
    <ClInclude Include="..\STM32F4xx\stm32f4xx_it.h">
      <Filter>STM32F4xx</Filter>
    </ClInclude>
    <ClInclude Include="..\STM32F4xx\stm32f4xx_ll.h">
      <Filter>STM32F4xx</Filter>
    </ClInclude>
    <ClInclude Include="..\STM32F4xx\system_stm32f4xx.h">
      <Filter>Drivers\CMSIS</Filter>
    </ClInclude>
  </ItemGroup>
  <ItemGroup>
    <ClCompile Include="..\Application\ADS1256\ads1256_cfg.c">
      <Filter>Application\ADS1256</Filter>
    </ClCompile>
    <ClCompile Include="..\Application\ADS1256\ads1256_lib.c">
      <Filter>Application\ADS1256</Filter>
    </ClCompile>
    <ClCompile Include="..\Application\ADS1256\ads1256_task.c">
      <Filter>Application\ADS1256</Filter>
    </ClCompile>
    <ClCompile Include="..\Application\ADS8688\ads8688_cfg.c">
      <Filter>Application\ADS8688</Filter>
    </ClCompile>
    <ClCompile Include="..\Application\ADS8688\ads8688_lib.c">
      <Filter>Application\ADS8688</Filter>
    </ClCompile>
    <ClCompile Include="..\Application\ADS8688\ads8688_task.c">
      <Filter>Application\ADS8688</Filter>
    </ClCompile>
    <ClCompile Include="..\Application\APP\main.c">
      <Filter>Application\APP</Filter>
    </ClCompile>
    <ClCompile Include="..\Application\AT24Cxx\at24cxx_cfg.c">
      <Filter>Application\AT24Cxx</Filter>
    </ClCompile>
    <ClCompile Include="..\Application\AT24Cxx\at24cxx_lib.c">
      <Filter>Application\AT24Cxx</Filter>
    </ClCompile>
    <ClCompile Include="..\Application\AT24Cxx\at24cxx_task.c">
      <Filter>Application\AT24Cxx</Filter>
    </ClCompile>
    <ClCompile Include="..\Application\CRC\crc_cfg.c">
      <Filter>Application\CRC</Filter>
    </ClCompile>
    <ClCompile Include="..\Application\CRC\crc_lib.c">
      <Filter>Application\CRC</Filter>
    </ClCompile>
    <ClCompile Include="..\Application\CRC\crc_task.c">
      <Filter>Application\CRC</Filter>
    </ClCompile>
    <ClCompile Include="..\Application\DHT11\dht11_cfg.c">
      <Filter>Application\DHT11</Filter>
    </ClCompile>
    <ClCompile Include="..\Application\DHT11\dht11_lib.c">
      <Filter>Application\DHT11</Filter>
    </ClCompile>
    <ClCompile Include="..\Application\DHT11\dht11_task.c">
      <Filter>Application\DHT11</Filter>
    </ClCompile>
    <ClCompile Include="..\Application\DS1302\ds1302_cfg.c">
      <Filter>Application\DS1302</Filter>
    </ClCompile>
    <ClCompile Include="..\Application\DS1302\ds1302_lib.c">
      <Filter>Application\DS1302</Filter>
    </ClCompile>
    <ClCompile Include="..\Application\DS1302\ds1302_task.c">
      <Filter>Application\DS1302</Filter>
    </ClCompile>
    <ClCompile Include="..\Application\DS18B20\ds18b20_cfg.c">
      <Filter>Application\DS18B20</Filter>
    </ClCompile>
    <ClCompile Include="..\Application\DS18B20\ds18b20_lib.c">
      <Filter>Application\DS18B20</Filter>
    </ClCompile>
    <ClCompile Include="..\Application\DS18B20\ds18b20_task.c">
      <Filter>Application\DS18B20</Filter>
    </ClCompile>
    <ClCompile Include="..\Application\Delay\delay_cfg.c">
      <Filter>Application\Delay</Filter>
    </ClCompile>
    <ClCompile Include="..\Application\Delay\delay_lib.c">
      <Filter>Application\Delay</Filter>
    </ClCompile>
    <ClCompile Include="..\Application\Delay\delay_task.c">
      <Filter>Application\Delay</Filter>
    </ClCompile>
    <ClCompile Include="..\Application\GPIO\gpio_cfg.c">
      <Filter>Application\GPIO</Filter>
    </ClCompile>
    <ClCompile Include="..\Application\GPIO\gpio_lib.c">
      <Filter>Application\GPIO</Filter>
    </ClCompile>
    <ClCompile Include="..\Application\GPIO\gpio_task.c">
      <Filter>Application\GPIO</Filter>
    </ClCompile>
    <ClCompile Include="..\Application\I2C\i2c_cfg.c">
      <Filter>Application\I2C</Filter>
    </ClCompile>
    <ClCompile Include="..\Application\I2C\i2c_lib.c">
      <Filter>Application\I2C</Filter>
    </ClCompile>
    <ClCompile Include="..\Application\I2C\i2c_task.c">
      <Filter>Application\I2C</Filter>
    </ClCompile>
    <ClCompile Include="..\Application\IAP\iap_cfg.c">
      <Filter>Application\IAP</Filter>
    </ClCompile>
    <ClCompile Include="..\Application\IAP\iap_lib.c">
      <Filter>Application\IAP</Filter>
    </ClCompile>
    <ClCompile Include="..\Application\IAP\iap_task.c">
      <Filter>Application\IAP</Filter>
    </ClCompile>
    <ClCompile Include="..\Application\IWDG\iwdg_cfg.c">
      <Filter>Application\IWDG</Filter>
    </ClCompile>
    <ClCompile Include="..\Application\IWDG\iwdg_lib.c">
      <Filter>Application\IWDG</Filter>
    </ClCompile>
    <ClCompile Include="..\Application\IWDG\iwdg_task.c">
      <Filter>Application\IWDG</Filter>
    </ClCompile>
    <ClCompile Include="..\Application\LED\led_cfg.c">
      <Filter>Application\LED</Filter>
    </ClCompile>
    <ClCompile Include="..\Application\LED\led_lib.c">
      <Filter>Application\LED</Filter>
    </ClCompile>
    <ClCompile Include="..\Application\LED\led_task.c">
      <Filter>Application\LED</Filter>
    </ClCompile>
    <ClCompile Include="..\Application\MyMalloc\my_malloc.c">
      <Filter>Application\MyMalloc</Filter>
    </ClCompile>
    <ClCompile Include="..\Application\OneWire\one_wire_cfg.c">
      <Filter>Application\OneWire</Filter>
    </ClCompile>
    <ClCompile Include="..\Application\OneWire\one_wire_lib.c">
      <Filter>Application\OneWire</Filter>
    </ClCompile>
    <ClCompile Include="..\Application\OneWire\one_wire_task.c">
      <Filter>Application\OneWire</Filter>
    </ClCompile>
    <ClCompile Include="..\Application\PCF8563\pcf8563_cfg.c">
      <Filter>Application\PCF8563</Filter>
    </ClCompile>
    <ClCompile Include="..\Application\PCF8563\pcf8563_lib.c">
      <Filter>Application\PCF8563</Filter>
    </ClCompile>
    <ClCompile Include="..\Application\PCF8563\pcf8563_task.c">
      <Filter>Application\PCF8563</Filter>
    </ClCompile>
    <ClCompile Include="..\Application\RTC\rtc_cfg.c">
      <Filter>Application\RTC</Filter>
    </ClCompile>
    <ClCompile Include="..\Application\RTC\rtc_lib.c">
      <Filter>Application\RTC</Filter>
    </ClCompile>
    <ClCompile Include="..\Application\RTC\rtc_task.c">
      <Filter>Application\RTC</Filter>
    </ClCompile>
    <ClCompile Include="..\Application\Random\random_cfg.c">
      <Filter>Application\Random</Filter>
    </ClCompile>
    <ClCompile Include="..\Application\Random\random_lib.c">
      <Filter>Application\Random</Filter>
    </ClCompile>
    <ClCompile Include="..\Application\Random\random_task.c">
      <Filter>Application\Random</Filter>
    </ClCompile>
    <ClCompile Include="..\Application\SHT2x\sht2x_cfg.c">
      <Filter>Application\SHT2x</Filter>
    </ClCompile>
    <ClCompile Include="..\Application\SHT2x\sht2x_lib.c">
      <Filter>Application\SHT2x</Filter>
    </ClCompile>
    <ClCompile Include="..\Application\SHT2x\sht2x_task.c">
      <Filter>Application\SHT2x</Filter>
    </ClCompile>
    <ClCompile Include="..\Application\SPI\spi_cfg.c">
      <Filter>Application\SPI</Filter>
    </ClCompile>
    <ClCompile Include="..\Application\SPI\spi_lib.c">
      <Filter>Application\SPI</Filter>
    </ClCompile>
    <ClCompile Include="..\Application\SPI\spi_task.c">
      <Filter>Application\SPI</Filter>
    </ClCompile>
    <ClCompile Include="..\Application\SysTick\systick_cfg.c">
      <Filter>Application\SysTick</Filter>
    </ClCompile>
    <ClCompile Include="..\Application\SysTick\systick_lib.c">
      <Filter>Application\SysTick</Filter>
    </ClCompile>
    <ClCompile Include="..\Application\SysTick\systick_task.c">
      <Filter>Application\SysTick</Filter>
    </ClCompile>
    <ClCompile Include="..\Application\USART\usart_cfg.c">
      <Filter>Application\USART</Filter>
    </ClCompile>
    <ClCompile Include="..\Application\USART\usart_lib.c">
      <Filter>Application\USART</Filter>
    </ClCompile>
    <ClCompile Include="..\Application\USART\usart_task.c">
      <Filter>Application\USART</Filter>
    </ClCompile>
    <ClCompile Include="..\Application\W25Qxx\w25qxx_cfg.c">
      <Filter>Application\W25Qxx</Filter>
    </ClCompile>
    <ClCompile Include="..\Application\W25Qxx\w25qxx_lib.c">
      <Filter>Application\W25Qxx</Filter>
    </ClCompile>
    <ClCompile Include="..\Application\W25Qxx\w25qxx_task.c">
      <Filter>Application\W25Qxx</Filter>
    </ClCompile>
    <ClCompile Include="..\Application\WWDG\wwdg_cfg.c">
      <Filter>Application\WWDG</Filter>
    </ClCompile>
    <ClCompile Include="..\Application\WWDG\wwdg_lib.c">
      <Filter>Application\WWDG</Filter>
    </ClCompile>
    <ClCompile Include="..\Application\WWDG\wwdg_task.c">
      <Filter>Application\WWDG</Filter>
    </ClCompile>
    <ClCompile Include="..\Complier\complier_cfg.c">
      <Filter>Complier</Filter>
    </ClCompile>
    <ClCompile Include="..\Complier\complier_lib.c">
      <Filter>Complier</Filter>
    </ClCompile>
    <ClCompile Include="..\Drivers\STM32F4xx_HAL_Driver\Src\stm32f4xx_hal.c">
      <Filter>Drivers\STM32F4xx_HAL_Driver</Filter>
    </ClCompile>
    <ClCompile Include="..\Drivers\STM32F4xx_HAL_Driver\Src\stm32f4xx_hal_cortex.c">
      <Filter>Drivers\STM32F4xx_HAL_Driver</Filter>
    </ClCompile>
    <ClCompile Include="..\Drivers\STM32F4xx_HAL_Driver\Src\stm32f4xx_hal_gpio.c">
      <Filter>Drivers\STM32F4xx_HAL_Driver</Filter>
    </ClCompile>
    <ClCompile Include="..\Drivers\STM32F4xx_HAL_Driver\Src\stm32f4xx_hal_rcc.c">
      <Filter>Drivers\STM32F4xx_HAL_Driver</Filter>
    </ClCompile>
    <ClCompile Include="..\Drivers\STM32F4xx_HAL_Driver\Src\stm32f4xx_ll_adc.c">
      <Filter>Drivers\STM32F4xx_HAL_Driver</Filter>
    </ClCompile>
    <ClCompile Include="..\Drivers\STM32F4xx_HAL_Driver\Src\stm32f4xx_ll_crc.c">
      <Filter>Drivers\STM32F4xx_HAL_Driver</Filter>
    </ClCompile>
    <ClCompile Include="..\Drivers\STM32F4xx_HAL_Driver\Src\stm32f4xx_ll_dac.c">
      <Filter>Drivers\STM32F4xx_HAL_Driver</Filter>
    </ClCompile>
    <ClCompile Include="..\Drivers\STM32F4xx_HAL_Driver\Src\stm32f4xx_ll_dma.c">
      <Filter>Drivers\STM32F4xx_HAL_Driver</Filter>
    </ClCompile>
    <ClCompile Include="..\Drivers\STM32F4xx_HAL_Driver\Src\stm32f4xx_ll_dma2d.c">
      <Filter>Drivers\STM32F4xx_HAL_Driver</Filter>
    </ClCompile>
    <ClCompile Include="..\Drivers\STM32F4xx_HAL_Driver\Src\stm32f4xx_ll_gpio.c">
      <Filter>Drivers\STM32F4xx_HAL_Driver</Filter>
    </ClCompile>
    <ClCompile Include="..\Drivers\STM32F4xx_HAL_Driver\Src\stm32f4xx_ll_i2c.c">
      <Filter>Drivers\STM32F4xx_HAL_Driver</Filter>
    </ClCompile>
    <ClCompile Include="..\Drivers\STM32F4xx_HAL_Driver\Src\stm32f4xx_ll_pwr.c">
      <Filter>Drivers\STM32F4xx_HAL_Driver</Filter>
    </ClCompile>
    <ClCompile Include="..\Drivers\STM32F4xx_HAL_Driver\Src\stm32f4xx_ll_rcc.c">
      <Filter>Drivers\STM32F4xx_HAL_Driver</Filter>
    </ClCompile>
    <ClCompile Include="..\Drivers\STM32F4xx_HAL_Driver\Src\stm32f4xx_ll_rng.c">
      <Filter>Drivers\STM32F4xx_HAL_Driver</Filter>
    </ClCompile>
    <ClCompile Include="..\Drivers\STM32F4xx_HAL_Driver\Src\stm32f4xx_ll_rtc.c">
      <Filter>Drivers\STM32F4xx_HAL_Driver</Filter>
    </ClCompile>
    <ClCompile Include="..\Drivers\STM32F4xx_HAL_Driver\Src\stm32f4xx_ll_spi.c">
      <Filter>Drivers\STM32F4xx_HAL_Driver</Filter>
    </ClCompile>
    <ClCompile Include="..\Drivers\STM32F4xx_HAL_Driver\Src\stm32f4xx_ll_tim.c">
      <Filter>Drivers\STM32F4xx_HAL_Driver</Filter>
    </ClCompile>
    <ClCompile Include="..\Drivers\STM32F4xx_HAL_Driver\Src\stm32f4xx_ll_usart.c">
      <Filter>Drivers\STM32F4xx_HAL_Driver</Filter>
    </ClCompile>
    <ClCompile Include="..\Drivers\STM32F4xx_HAL_Driver\Src\stm32f4xx_ll_utils.c">
      <Filter>Drivers\STM32F4xx_HAL_Driver</Filter>
    </ClCompile>
    <ClCompile Include="..\STARTUP\EWARM\startup_stm32f407xx.s">
      <Filter>STARTUP\EWARM</Filter>
    </ClCompile>
    <ClCompile Include="..\STM32F4xx\stm32_cfg.c">
      <Filter>STM32F4xx</Filter>
    </ClCompile>
    <ClCompile Include="..\STM32F4xx\stm32f4xx_it.c">
      <Filter>STM32F4xx</Filter>
    </ClCompile>
    <ClCompile Include="..\STM32F4xx\system_stm32f4xx.c">
      <Filter>Drivers\CMSIS</Filter>
    </ClCompile>
  </ItemGroup>
  <ItemGroup>
    <None Include="..\Doc\ReadMe.txt">
      <Filter>Doc</Filter>
    </None>
  </ItemGroup>
</Project>